{
    "name": "防IOS计算器",
    "version": "1.0.1",
    "lockfileVersion": 3,
    "requires": true,
    "packages": {
        "": {
            "name": "防IOS计算器",
            "version": "1.0.1",
            "dependencies": {
                "eval5": "^1.4.7",
                "uview-ui": "^2.0.38"
            }
        },
        "node_modules/@babel/runtime": {
            "version": "7.26.0",
            "resolved": "https://registry.npmmirror.com/@babel/runtime/-/runtime-7.26.0.tgz",
            "integrity": "sha512-FDSOghenHTiToteC/QRlv2q3DhPZ/oOXTBoirfWNx1Cx3TMVcGWQtMMmQcSvb/JjpNeGzx8Pq/b4fKEJuWm1sw==",
            "dependencies": {
                "regenerator-runtime": "^0.14.0"
            },
            "engines": {
                "node": ">=6.9.0"
            }
        },
        "node_modules/@types/acorn": {
            "version": "4.0.6",
            "resolved": "https://registry.npmmirror.com/@types/acorn/-/acorn-4.0.6.tgz",
            "integrity": "sha512-veQTnWP+1D/xbxVrPC3zHnCZRjSrKfhbMUlEA43iMZLu7EsnTtkJklIuwrCPbOi8YkvDQAiW05VQQFvvz9oieQ==",
            "dependencies": {
                "@types/estree": "*"
            }
        },
        "node_modules/@types/estree": {
            "version": "0.0.41",
            "resolved": "https://registry.npmmirror.com/@types/estree/-/estree-0.0.41.tgz",
            "integrity": "sha512-rIAmXyJlqw4KEBO7+u9gxZZSQHaCNnIzYrnNmYVpgfJhxTqO0brCX0SYpqUTkVI5mwwUwzmtspLBGBKroMeynA=="
        },
        "node_modules/acorn": {
            "version": "7.4.1",
            "resolved": "https://registry.npmmirror.com/acorn/-/acorn-7.4.1.tgz",
            "integrity": "sha512-nQyp0o1/mNdbTO1PO6kHkwSrmgZ0MT/jCCpNiwbUjGoRN4dlBhqJtoQuCnEOKzgTVwg0ZWiCoQy6SxMebQVh8A==",
            "bin": {
                "acorn": "bin/acorn"
            },
            "engines": {
                "node": ">=0.4.0"
            }
        },
        "node_modules/eval5": {
            "version": "1.4.8",
            "resolved": "https://registry.npmmirror.com/eval5/-/eval5-1.4.8.tgz",
            "integrity": "sha512-sdc04TAeklUHrITxBWksrDsDBWqAvYs9VCS2cpSHrSqzTdva4JkILV+x7kVlyoUqp/g7kMyGS+4RMYgfkGciAw==",
            "dependencies": {
                "@babel/runtime": "^7.8.4",
                "@types/acorn": "^4.0.5",
                "@types/estree": "0.0.41",
                "acorn": "^7.1.0"
            }
        },
        "node_modules/regenerator-runtime": {
            "version": "0.14.1",
            "resolved": "https://registry.npmmirror.com/regenerator-runtime/-/regenerator-runtime-0.14.1.tgz",
            "integrity": "sha512-dYnhHh0nJoMfnkZs6GmmhFknAGRrLznOu5nc9ML+EJxGvrx6H7teuevqVqCuPcPK//3eDrrjQhehXVx9cnkGdw=="
        },
        "node_modules/uview-ui": {
            "version": "2.0.38",
            "resolved": "https://registry.npmmirror.com/uview-ui/-/uview-ui-2.0.38.tgz",
            "integrity": "sha512-6egHDf9lXHKpG3hEjRE0vMx4+VWwKk/ReTf5x18KrIKqdvdPRqO3+B8Unh7vYYwrIxzAWIlmhZ9RJpKI/4UqPQ==",
            "engines": {
                "HBuilderX": "^3.1.0"
            }
        }
    }
}
